
Microsoft Visual Studio Solution File, Format Version 12.00
# Visual Studio Version 17
VisualStudioVersion = 17.3.32825.248
MinimumVisualStudioVersion = 10.0.40219.1
Project("{FAE04EC0-301F-11D3-BF4B-00C04F79EFBC}") = "GeekyQuiz", "GeekyQuiz\GeekyQuiz.csproj", "{A6233A96-2EF0-4091-B826-55D7B65F5ECC}"
EndProject
Global
	GlobalSection(SolutionConfigurationPlatforms) = preSolution
		Debug|Any CPU = Debug|Any CPU
		Release|Any CPU = Release|Any CPU
	EndGlobalSection
	GlobalSection(ProjectConfigurationPlatforms) = postSolution
		{A6233A96-2EF0-4091-B826-55D7B65F5ECC}.Debug|Any CPU.ActiveCfg = Debug|Any CPU
		{A6233A96-2EF0-4091-B826-55D7B65F5ECC}.Debug|Any CPU.Build.0 = Debug|Any CPU
		{A6233A96-2EF0-4091-B826-55D7B65F5ECC}.Release|Any CPU.ActiveCfg = Release|Any CPU
		{A6233A96-2EF0-4091-B826-55D7B65F5ECC}.Release|Any CPU.Build.0 = Release|Any CPU
	EndGlobalSection
	GlobalSection(SolutionProperties) = preSolution
		HideSolutionNode = FALSE
	EndGlobalSection
	GlobalSection(ExtensibilityGlobals) = postSolution
		SolutionGuid = {2BDB7E8B-D128-46CD-890D-0B1A161F148A}
	EndGlobalSection
EndGlobal
