
Microsoft Visual Studio Solution File, Format Version 12.00
# Visual Studio Version 17
VisualStudioVersion = 17.7.34202.233
MinimumVisualStudioVersion = 10.0.40219.1
Project("{FAE04EC0-301F-11D3-BF4B-00C04F79EFBC}") = "GeekyQuiz", "GeekyQuiz\GeekyQuiz.csproj", "{D9FFE750-ED76-44C3-9474-B34B6D66DF4B}"
EndProject
Global
	GlobalSection(SolutionConfigurationPlatforms) = preSolution
		Debug|Any CPU = Debug|Any CPU
		Release|Any CPU = Release|Any CPU
	EndGlobalSection
	GlobalSection(ProjectConfigurationPlatforms) = postSolution
		{D9FFE750-ED76-44C3-9474-B34B6D66DF4B}.Debug|Any CPU.ActiveCfg = Debug|Any CPU
		{D9FFE750-ED76-44C3-9474-B34B6D66DF4B}.Debug|Any CPU.Build.0 = Debug|Any CPU
		{D9FFE750-ED76-44C3-9474-B34B6D66DF4B}.Release|Any CPU.ActiveCfg = Release|Any CPU
		{D9FFE750-ED76-44C3-9474-B34B6D66DF4B}.Release|Any CPU.Build.0 = Release|Any CPU
	EndGlobalSection
	GlobalSection(SolutionProperties) = preSolution
		HideSolutionNode = FALSE
	EndGlobalSection
	GlobalSection(ExtensibilityGlobals) = postSolution
		SolutionGuid = {18E37AB4-E67D-4F08-B3FE-9926DA6D82BB}
	EndGlobalSection
EndGlobal
